
Microsoft Visual Studio Solution File, Format Version 12.00
# Visual Studio 14
VisualStudioVersion = 14.0.25420.1
MinimumVisualStudioVersion = 10.0.40219.1
Project("{FAE04EC0-301F-11D3-BF4B-00C04F79EFBC}") = "day9", "day9\day9.csproj", "{F937B075-DD1C-46D4-863D-2D630B7398B1}"
EndProject
Project("{FAE04EC0-301F-11D3-BF4B-00C04F79EFBC}") = "Tools", "..\Tools\Tools\Tools.csproj", "{9D1EAE6F-6D22-4E5B-94BE-1663D997BC86}"
EndProject
Global
	GlobalSection(SolutionConfigurationPlatforms) = preSolution
		Debug|Any CPU = Debug|Any CPU
		Release|Any CPU = Release|Any CPU
	EndGlobalSection
	GlobalSection(ProjectConfigurationPlatforms) = postSolution
		{F937B075-DD1C-46D4-863D-2D630B7398B1}.Debug|Any CPU.ActiveCfg = Debug|Any CPU
		{F937B075-DD1C-46D4-863D-2D630B7398B1}.Debug|Any CPU.Build.0 = Debug|Any CPU
		{F937B075-DD1C-46D4-863D-2D630B7398B1}.Release|Any CPU.ActiveCfg = Release|Any CPU
		{F937B075-DD1C-46D4-863D-2D630B7398B1}.Release|Any CPU.Build.0 = Release|Any CPU
		{9D1EAE6F-6D22-4E5B-94BE-1663D997BC86}.Debug|Any CPU.ActiveCfg = Debug|Any CPU
		{9D1EAE6F-6D22-4E5B-94BE-1663D997BC86}.Debug|Any CPU.Build.0 = Debug|Any CPU
		{9D1EAE6F-6D22-4E5B-94BE-1663D997BC86}.Release|Any CPU.ActiveCfg = Release|Any CPU
		{9D1EAE6F-6D22-4E5B-94BE-1663D997BC86}.Release|Any CPU.Build.0 = Release|Any CPU
	EndGlobalSection
	GlobalSection(SolutionProperties) = preSolution
		HideSolutionNode = FALSE
	EndGlobalSection
EndGlobal
